
Microsoft Visual Studio Solution File, Format Version 12.00
# Visual Studio Version 17
Project("{2150E333-8FDC-42A3-9474-1A3956D46DE8}") = "CMakePredefinedTargets", "CMakePredefinedTargets", "{BF8246CA-017F-3FB4-A116-DA4ED4390F80}"
EndProject
Project("{8BC9CEB8-8B4A-11D0-8D11-00A0C91BC942}") = "testbed", "testbed\testbed.vcxproj", "{BA59624C-AC14-308B-835F-EA3A15ED5EAB}"
	ProjectSection(ProjectDependencies) = postProject
		{72F79637-10A5-3727-BF9C-F7FF2D064687} = {72F79637-10A5-3727-BF9C-F7FF2D064687}
		{BAC9C908-0653-3F7E-B8E6-07DA8EA36EC7} = {BAC9C908-0653-3F7E-B8E6-07DA8EA36EC7}
		{F619A0F4-1F25-3D89-ACB3-84DE2661A8A4} = {F619A0F4-1F25-3D89-ACB3-84DE2661A8A4}
		{A1B3D1AB-4F54-3570-BF30-ACCA594CCF22} = {A1B3D1AB-4F54-3570-BF30-ACCA594CCF22}
		{3C8A126F-6308-3EB2-8A14-4208D778F3A3} = {3C8A126F-6308-3EB2-8A14-4208D778F3A3}
		{564380F9-9CA1-3C1E-910B-5F14BA49BC1E} = {564380F9-9CA1-3C1E-910B-5F14BA49BC1E}
	EndProjectSection
EndProject
Project("{8BC9CEB8-8B4A-11D0-8D11-00A0C91BC942}") = "ALL_BUILD", "ALL_BUILD.vcxproj", "{661CEF0D-D719-385B-9ADA-252AC1EBE5F2}"
	ProjectSection(ProjectDependencies) = postProject
		{72F79637-10A5-3727-BF9C-F7FF2D064687} = {72F79637-10A5-3727-BF9C-F7FF2D064687}
		{BAC9C908-0653-3F7E-B8E6-07DA8EA36EC7} = {BAC9C908-0653-3F7E-B8E6-07DA8EA36EC7}
		{F619A0F4-1F25-3D89-ACB3-84DE2661A8A4} = {F619A0F4-1F25-3D89-ACB3-84DE2661A8A4}
		{A1B3D1AB-4F54-3570-BF30-ACCA594CCF22} = {A1B3D1AB-4F54-3570-BF30-ACCA594CCF22}
		{3C8A126F-6308-3EB2-8A14-4208D778F3A3} = {3C8A126F-6308-3EB2-8A14-4208D778F3A3}
		{564380F9-9CA1-3C1E-910B-5F14BA49BC1E} = {564380F9-9CA1-3C1E-910B-5F14BA49BC1E}
		{BA59624C-AC14-308B-835F-EA3A15ED5EAB} = {BA59624C-AC14-308B-835F-EA3A15ED5EAB}
		{788B3D79-EC3F-3CF0-A357-F73DA9F1A121} = {788B3D79-EC3F-3CF0-A357-F73DA9F1A121}
	EndProjectSection
EndProject
Project("{8BC9CEB8-8B4A-11D0-8D11-00A0C91BC942}") = "INSTALL", "INSTALL.vcxproj", "{862F6758-FCCB-3D25-A0DF-69D7D270F369}"
	ProjectSection(ProjectDependencies) = postProject
		{661CEF0D-D719-385B-9ADA-252AC1EBE5F2} = {661CEF0D-D719-385B-9ADA-252AC1EBE5F2}
		{72F79637-10A5-3727-BF9C-F7FF2D064687} = {72F79637-10A5-3727-BF9C-F7FF2D064687}
	EndProjectSection
EndProject
Project("{8BC9CEB8-8B4A-11D0-8D11-00A0C91BC942}") = "ZERO_CHECK", "ZERO_CHECK.vcxproj", "{72F79637-10A5-3727-BF9C-F7FF2D064687}"
	ProjectSection(ProjectDependencies) = postProject
	EndProjectSection
EndProject
Project("{8BC9CEB8-8B4A-11D0-8D11-00A0C91BC942}") = "box2d", "src\box2d.vcxproj", "{BAC9C908-0653-3F7E-B8E6-07DA8EA36EC7}"
	ProjectSection(ProjectDependencies) = postProject
		{72F79637-10A5-3727-BF9C-F7FF2D064687} = {72F79637-10A5-3727-BF9C-F7FF2D064687}
	EndProjectSection
EndProject
Project("{8BC9CEB8-8B4A-11D0-8D11-00A0C91BC942}") = "glad", "extern\glad\glad.vcxproj", "{F619A0F4-1F25-3D89-ACB3-84DE2661A8A4}"
	ProjectSection(ProjectDependencies) = postProject
		{72F79637-10A5-3727-BF9C-F7FF2D064687} = {72F79637-10A5-3727-BF9C-F7FF2D064687}
	EndProjectSection
EndProject
Project("{8BC9CEB8-8B4A-11D0-8D11-00A0C91BC942}") = "glfw", "extern\glfw\glfw.vcxproj", "{A1B3D1AB-4F54-3570-BF30-ACCA594CCF22}"
	ProjectSection(ProjectDependencies) = postProject
		{72F79637-10A5-3727-BF9C-F7FF2D064687} = {72F79637-10A5-3727-BF9C-F7FF2D064687}
	EndProjectSection
EndProject
Project("{8BC9CEB8-8B4A-11D0-8D11-00A0C91BC942}") = "imgui", "extern\imgui\imgui.vcxproj", "{3C8A126F-6308-3EB2-8A14-4208D778F3A3}"
	ProjectSection(ProjectDependencies) = postProject
		{72F79637-10A5-3727-BF9C-F7FF2D064687} = {72F79637-10A5-3727-BF9C-F7FF2D064687}
	EndProjectSection
EndProject
Project("{8BC9CEB8-8B4A-11D0-8D11-00A0C91BC942}") = "sajson", "extern\sajson\sajson.vcxproj", "{564380F9-9CA1-3C1E-910B-5F14BA49BC1E}"
	ProjectSection(ProjectDependencies) = postProject
		{72F79637-10A5-3727-BF9C-F7FF2D064687} = {72F79637-10A5-3727-BF9C-F7FF2D064687}
	EndProjectSection
EndProject
Project("{8BC9CEB8-8B4A-11D0-8D11-00A0C91BC942}") = "unit_test", "unit-test\unit_test.vcxproj", "{788B3D79-EC3F-3CF0-A357-F73DA9F1A121}"
	ProjectSection(ProjectDependencies) = postProject
		{72F79637-10A5-3727-BF9C-F7FF2D064687} = {72F79637-10A5-3727-BF9C-F7FF2D064687}
		{BAC9C908-0653-3F7E-B8E6-07DA8EA36EC7} = {BAC9C908-0653-3F7E-B8E6-07DA8EA36EC7}
	EndProjectSection
EndProject
Global
	GlobalSection(SolutionConfigurationPlatforms) = preSolution
		Debug|x64 = Debug|x64
		Release|x64 = Release|x64
		MinSizeRel|x64 = MinSizeRel|x64
		RelWithDebInfo|x64 = RelWithDebInfo|x64
	EndGlobalSection
	GlobalSection(ProjectConfigurationPlatforms) = postSolution
		{BA59624C-AC14-308B-835F-EA3A15ED5EAB}.Debug|x64.ActiveCfg = Debug|x64
		{BA59624C-AC14-308B-835F-EA3A15ED5EAB}.Debug|x64.Build.0 = Debug|x64
		{BA59624C-AC14-308B-835F-EA3A15ED5EAB}.Release|x64.ActiveCfg = Release|x64
		{BA59624C-AC14-308B-835F-EA3A15ED5EAB}.Release|x64.Build.0 = Release|x64
		{BA59624C-AC14-308B-835F-EA3A15ED5EAB}.MinSizeRel|x64.ActiveCfg = MinSizeRel|x64
		{BA59624C-AC14-308B-835F-EA3A15ED5EAB}.MinSizeRel|x64.Build.0 = MinSizeRel|x64
		{BA59624C-AC14-308B-835F-EA3A15ED5EAB}.RelWithDebInfo|x64.ActiveCfg = RelWithDebInfo|x64
		{BA59624C-AC14-308B-835F-EA3A15ED5EAB}.RelWithDebInfo|x64.Build.0 = RelWithDebInfo|x64
		{661CEF0D-D719-385B-9ADA-252AC1EBE5F2}.Debug|x64.ActiveCfg = Debug|x64
		{661CEF0D-D719-385B-9ADA-252AC1EBE5F2}.Debug|x64.Build.0 = Debug|x64
		{661CEF0D-D719-385B-9ADA-252AC1EBE5F2}.Release|x64.ActiveCfg = Release|x64
		{661CEF0D-D719-385B-9ADA-252AC1EBE5F2}.Release|x64.Build.0 = Release|x64
		{661CEF0D-D719-385B-9ADA-252AC1EBE5F2}.MinSizeRel|x64.ActiveCfg = MinSizeRel|x64
		{661CEF0D-D719-385B-9ADA-252AC1EBE5F2}.MinSizeRel|x64.Build.0 = MinSizeRel|x64
		{661CEF0D-D719-385B-9ADA-252AC1EBE5F2}.RelWithDebInfo|x64.ActiveCfg = RelWithDebInfo|x64
		{661CEF0D-D719-385B-9ADA-252AC1EBE5F2}.RelWithDebInfo|x64.Build.0 = RelWithDebInfo|x64
		{862F6758-FCCB-3D25-A0DF-69D7D270F369}.Debug|x64.ActiveCfg = Debug|x64
		{862F6758-FCCB-3D25-A0DF-69D7D270F369}.Release|x64.ActiveCfg = Release|x64
		{862F6758-FCCB-3D25-A0DF-69D7D270F369}.MinSizeRel|x64.ActiveCfg = MinSizeRel|x64
		{862F6758-FCCB-3D25-A0DF-69D7D270F369}.RelWithDebInfo|x64.ActiveCfg = RelWithDebInfo|x64
		{72F79637-10A5-3727-BF9C-F7FF2D064687}.Debug|x64.ActiveCfg = Debug|x64
		{72F79637-10A5-3727-BF9C-F7FF2D064687}.Debug|x64.Build.0 = Debug|x64
		{72F79637-10A5-3727-BF9C-F7FF2D064687}.Release|x64.ActiveCfg = Release|x64
		{72F79637-10A5-3727-BF9C-F7FF2D064687}.Release|x64.Build.0 = Release|x64
		{72F79637-10A5-3727-BF9C-F7FF2D064687}.MinSizeRel|x64.ActiveCfg = MinSizeRel|x64
		{72F79637-10A5-3727-BF9C-F7FF2D064687}.MinSizeRel|x64.Build.0 = MinSizeRel|x64
		{72F79637-10A5-3727-BF9C-F7FF2D064687}.RelWithDebInfo|x64.ActiveCfg = RelWithDebInfo|x64
		{72F79637-10A5-3727-BF9C-F7FF2D064687}.RelWithDebInfo|x64.Build.0 = RelWithDebInfo|x64
		{BAC9C908-0653-3F7E-B8E6-07DA8EA36EC7}.Debug|x64.ActiveCfg = Debug|x64
		{BAC9C908-0653-3F7E-B8E6-07DA8EA36EC7}.Debug|x64.Build.0 = Debug|x64
		{BAC9C908-0653-3F7E-B8E6-07DA8EA36EC7}.Release|x64.ActiveCfg = Release|x64
		{BAC9C908-0653-3F7E-B8E6-07DA8EA36EC7}.Release|x64.Build.0 = Release|x64
		{BAC9C908-0653-3F7E-B8E6-07DA8EA36EC7}.MinSizeRel|x64.ActiveCfg = MinSizeRel|x64
		{BAC9C908-0653-3F7E-B8E6-07DA8EA36EC7}.MinSizeRel|x64.Build.0 = MinSizeRel|x64
		{BAC9C908-0653-3F7E-B8E6-07DA8EA36EC7}.RelWithDebInfo|x64.ActiveCfg = RelWithDebInfo|x64
		{BAC9C908-0653-3F7E-B8E6-07DA8EA36EC7}.RelWithDebInfo|x64.Build.0 = RelWithDebInfo|x64
		{F619A0F4-1F25-3D89-ACB3-84DE2661A8A4}.Debug|x64.ActiveCfg = Debug|x64
		{F619A0F4-1F25-3D89-ACB3-84DE2661A8A4}.Debug|x64.Build.0 = Debug|x64
		{F619A0F4-1F25-3D89-ACB3-84DE2661A8A4}.Release|x64.ActiveCfg = Release|x64
		{F619A0F4-1F25-3D89-ACB3-84DE2661A8A4}.Release|x64.Build.0 = Release|x64
		{F619A0F4-1F25-3D89-ACB3-84DE2661A8A4}.MinSizeRel|x64.ActiveCfg = MinSizeRel|x64
		{F619A0F4-1F25-3D89-ACB3-84DE2661A8A4}.MinSizeRel|x64.Build.0 = MinSizeRel|x64
		{F619A0F4-1F25-3D89-ACB3-84DE2661A8A4}.RelWithDebInfo|x64.ActiveCfg = RelWithDebInfo|x64
		{F619A0F4-1F25-3D89-ACB3-84DE2661A8A4}.RelWithDebInfo|x64.Build.0 = RelWithDebInfo|x64
		{A1B3D1AB-4F54-3570-BF30-ACCA594CCF22}.Debug|x64.ActiveCfg = Debug|x64
		{A1B3D1AB-4F54-3570-BF30-ACCA594CCF22}.Debug|x64.Build.0 = Debug|x64
		{A1B3D1AB-4F54-3570-BF30-ACCA594CCF22}.Release|x64.ActiveCfg = Release|x64
		{A1B3D1AB-4F54-3570-BF30-ACCA594CCF22}.Release|x64.Build.0 = Release|x64
		{A1B3D1AB-4F54-3570-BF30-ACCA594CCF22}.MinSizeRel|x64.ActiveCfg = MinSizeRel|x64
		{A1B3D1AB-4F54-3570-BF30-ACCA594CCF22}.MinSizeRel|x64.Build.0 = MinSizeRel|x64
		{A1B3D1AB-4F54-3570-BF30-ACCA594CCF22}.RelWithDebInfo|x64.ActiveCfg = RelWithDebInfo|x64
		{A1B3D1AB-4F54-3570-BF30-ACCA594CCF22}.RelWithDebInfo|x64.Build.0 = RelWithDebInfo|x64
		{3C8A126F-6308-3EB2-8A14-4208D778F3A3}.Debug|x64.ActiveCfg = Debug|x64
		{3C8A126F-6308-3EB2-8A14-4208D778F3A3}.Debug|x64.Build.0 = Debug|x64
		{3C8A126F-6308-3EB2-8A14-4208D778F3A3}.Release|x64.ActiveCfg = Release|x64
		{3C8A126F-6308-3EB2-8A14-4208D778F3A3}.Release|x64.Build.0 = Release|x64
		{3C8A126F-6308-3EB2-8A14-4208D778F3A3}.MinSizeRel|x64.ActiveCfg = MinSizeRel|x64
		{3C8A126F-6308-3EB2-8A14-4208D778F3A3}.MinSizeRel|x64.Build.0 = MinSizeRel|x64
		{3C8A126F-6308-3EB2-8A14-4208D778F3A3}.RelWithDebInfo|x64.ActiveCfg = RelWithDebInfo|x64
		{3C8A126F-6308-3EB2-8A14-4208D778F3A3}.RelWithDebInfo|x64.Build.0 = RelWithDebInfo|x64
		{564380F9-9CA1-3C1E-910B-5F14BA49BC1E}.Debug|x64.ActiveCfg = Debug|x64
		{564380F9-9CA1-3C1E-910B-5F14BA49BC1E}.Debug|x64.Build.0 = Debug|x64
		{564380F9-9CA1-3C1E-910B-5F14BA49BC1E}.Release|x64.ActiveCfg = Release|x64
		{564380F9-9CA1-3C1E-910B-5F14BA49BC1E}.Release|x64.Build.0 = Release|x64
		{564380F9-9CA1-3C1E-910B-5F14BA49BC1E}.MinSizeRel|x64.ActiveCfg = MinSizeRel|x64
		{564380F9-9CA1-3C1E-910B-5F14BA49BC1E}.MinSizeRel|x64.Build.0 = MinSizeRel|x64
		{564380F9-9CA1-3C1E-910B-5F14BA49BC1E}.RelWithDebInfo|x64.ActiveCfg = RelWithDebInfo|x64
		{564380F9-9CA1-3C1E-910B-5F14BA49BC1E}.RelWithDebInfo|x64.Build.0 = RelWithDebInfo|x64
		{788B3D79-EC3F-3CF0-A357-F73DA9F1A121}.Debug|x64.ActiveCfg = Debug|x64
		{788B3D79-EC3F-3CF0-A357-F73DA9F1A121}.Debug|x64.Build.0 = Debug|x64
		{788B3D79-EC3F-3CF0-A357-F73DA9F1A121}.Release|x64.ActiveCfg = Release|x64
		{788B3D79-EC3F-3CF0-A357-F73DA9F1A121}.Release|x64.Build.0 = Release|x64
		{788B3D79-EC3F-3CF0-A357-F73DA9F1A121}.MinSizeRel|x64.ActiveCfg = MinSizeRel|x64
		{788B3D79-EC3F-3CF0-A357-F73DA9F1A121}.MinSizeRel|x64.Build.0 = MinSizeRel|x64
		{788B3D79-EC3F-3CF0-A357-F73DA9F1A121}.RelWithDebInfo|x64.ActiveCfg = RelWithDebInfo|x64
		{788B3D79-EC3F-3CF0-A357-F73DA9F1A121}.RelWithDebInfo|x64.Build.0 = RelWithDebInfo|x64
	EndGlobalSection
	GlobalSection(NestedProjects) = preSolution
		{661CEF0D-D719-385B-9ADA-252AC1EBE5F2} = {BF8246CA-017F-3FB4-A116-DA4ED4390F80}
		{862F6758-FCCB-3D25-A0DF-69D7D270F369} = {BF8246CA-017F-3FB4-A116-DA4ED4390F80}
		{72F79637-10A5-3727-BF9C-F7FF2D064687} = {BF8246CA-017F-3FB4-A116-DA4ED4390F80}
	EndGlobalSection
	GlobalSection(ExtensibilityGlobals) = postSolution
		SolutionGuid = {6A0770BB-5F34-3909-BD5C-29C3BB2B3C68}
	EndGlobalSection
	GlobalSection(ExtensibilityAddIns) = postSolution
	EndGlobalSection
EndGlobal
