<?xml version="1.0" encoding="utf-8"?>
<Project ToolsVersion="17.0" xmlns="http://schemas.microsoft.com/developer/msbuild/2003">
  <ItemGroup>
    <CustomBuild Include="C:\Users\xavie\Downloads\box2d-main\box2d-main\CMakeFiles\d35aab5577dc14714583aa9139125739\generate.stamp.rule">
      <Filter>CMake Rules</Filter>
    </CustomBuild>
  </ItemGroup>
  <ItemGroup>
    <Filter Include="CMake Rules">
      <UniqueIdentifier>{0B5D3630-FD55-3D44-A588-3675AF469AA5}</UniqueIdentifier>
    </Filter>
  </ItemGroup>
</Project>
